
Microsoft Visual Studio Solution File, Format Version 12.00
# Visual Studio 15
VisualStudioVersion = 15.0.26403.7
MinimumVisualStudioVersion = 10.0.40219.1
Project("{FAE04EC0-301F-11D3-BF4B-00C04F79EFBC}") = "PugJudge.Web", "src\PugJudge.Web\PugJudge.Web.csproj", "{300C91AA-A67E-45D5-B9C5-636B68308304}"
EndProject
Project("{2150E333-8FDC-42A3-9474-1A3956D46DE8}") = "src", "src", "{86451A7B-A856-4B93-9C80-5BB59B3A71CE}"
EndProject
Project("{FAE04EC0-301F-11D3-BF4B-00C04F79EFBC}") = "PugJudge.Domain", "src\PugJudge.Domain\PugJudge.Domain.csproj", "{C9B697F1-78AF-42EB-AFF1-08B984E69971}"
EndProject
Project("{FAE04EC0-301F-11D3-BF4B-00C04F79EFBC}") = "PugJudge.Service", "src\PugJudge.Service\PugJudge.Service.csproj", "{506F0B7C-D06F-4AE4-84FB-FA8EC587E615}"
EndProject
Global
	GlobalSection(SolutionConfigurationPlatforms) = preSolution
		Debug|Any CPU = Debug|Any CPU
		Release|Any CPU = Release|Any CPU
	EndGlobalSection
	GlobalSection(ProjectConfigurationPlatforms) = postSolution
		{300C91AA-A67E-45D5-B9C5-636B68308304}.Debug|Any CPU.ActiveCfg = Debug|Any CPU
		{300C91AA-A67E-45D5-B9C5-636B68308304}.Debug|Any CPU.Build.0 = Debug|Any CPU
		{300C91AA-A67E-45D5-B9C5-636B68308304}.Release|Any CPU.ActiveCfg = Release|Any CPU
		{300C91AA-A67E-45D5-B9C5-636B68308304}.Release|Any CPU.Build.0 = Release|Any CPU
		{C9B697F1-78AF-42EB-AFF1-08B984E69971}.Debug|Any CPU.ActiveCfg = Debug|Any CPU
		{C9B697F1-78AF-42EB-AFF1-08B984E69971}.Debug|Any CPU.Build.0 = Debug|Any CPU
		{C9B697F1-78AF-42EB-AFF1-08B984E69971}.Release|Any CPU.ActiveCfg = Release|Any CPU
		{C9B697F1-78AF-42EB-AFF1-08B984E69971}.Release|Any CPU.Build.0 = Release|Any CPU
		{506F0B7C-D06F-4AE4-84FB-FA8EC587E615}.Debug|Any CPU.ActiveCfg = Debug|Any CPU
		{506F0B7C-D06F-4AE4-84FB-FA8EC587E615}.Debug|Any CPU.Build.0 = Debug|Any CPU
		{506F0B7C-D06F-4AE4-84FB-FA8EC587E615}.Release|Any CPU.ActiveCfg = Release|Any CPU
		{506F0B7C-D06F-4AE4-84FB-FA8EC587E615}.Release|Any CPU.Build.0 = Release|Any CPU
	EndGlobalSection
	GlobalSection(SolutionProperties) = preSolution
		HideSolutionNode = FALSE
	EndGlobalSection
	GlobalSection(NestedProjects) = preSolution
		{300C91AA-A67E-45D5-B9C5-636B68308304} = {86451A7B-A856-4B93-9C80-5BB59B3A71CE}
		{C9B697F1-78AF-42EB-AFF1-08B984E69971} = {86451A7B-A856-4B93-9C80-5BB59B3A71CE}
		{506F0B7C-D06F-4AE4-84FB-FA8EC587E615} = {86451A7B-A856-4B93-9C80-5BB59B3A71CE}
	EndGlobalSection
EndGlobal
